{
  "name": "lsq",
  "version": "1.0.0",
  "lockfileVersion": 3,
  "requires": true,
  "packages": {
    "": {
      "name": "lsq",
      "version": "1.0.0",
      "license": "MIT",
      "dependencies": {
        "radix-tree": "^0.3.4"
      }
    },
    "node_modules/radix-tree": {
      "version": "0.3.4",
      "resolved": "https://registry.npmjs.org/radix-tree/-/radix-tree-0.3.4.tgz",
      "integrity": "sha512-W2i8OnzBxb7ApU/ls7sJ45o10lIHQS4K5Pi5aMWrTQwdFcTq9y7BuPe+nvCV5uDz70tzLHO3b6zzsOGQGTcB/Q==",
      "engines": {
        "node": ">=0.12"
      }
    }
  }
}
